
Microsoft Visual Studio Solution File, Format Version 12.00
# Visual Studio Version 17
VisualStudioVersion = 17.5.002.0
MinimumVisualStudioVersion = 10.0.40219.1
Project("{9A19103F-16F7-4668-BE54-9A1E7A4F7556}") = "Exercicio4", "Exercicio4.csproj", "{44752F69-5244-44B4-BE34-045BA96BA97F}"
EndProject
Global
	GlobalSection(SolutionConfigurationPlatforms) = preSolution
		Debug|Any CPU = Debug|Any CPU
		Release|Any CPU = Release|Any CPU
	EndGlobalSection
	GlobalSection(ProjectConfigurationPlatforms) = postSolution
		{44752F69-5244-44B4-BE34-045BA96BA97F}.Debug|Any CPU.ActiveCfg = Debug|Any CPU
		{44752F69-5244-44B4-BE34-045BA96BA97F}.Debug|Any CPU.Build.0 = Debug|Any CPU
		{44752F69-5244-44B4-BE34-045BA96BA97F}.Release|Any CPU.ActiveCfg = Release|Any CPU
		{44752F69-5244-44B4-BE34-045BA96BA97F}.Release|Any CPU.Build.0 = Release|Any CPU
	EndGlobalSection
	GlobalSection(SolutionProperties) = preSolution
		HideSolutionNode = FALSE
	EndGlobalSection
	GlobalSection(ExtensibilityGlobals) = postSolution
		SolutionGuid = {BA9CC38E-1CB8-408C-8344-087748977E2C}
	EndGlobalSection
EndGlobal
