
Microsoft Visual Studio Solution File, Format Version 12.00
# Visual Studio Version 17
VisualStudioVersion = 17.5.002.0
MinimumVisualStudioVersion = 10.0.40219.1
Project("{9A19103F-16F7-4668-BE54-9A1E7A4F7556}") = "Exercicio1", "Exercicio1.csproj", "{90E234FF-DB95-4ED4-A28C-2289CC506AE2}"
EndProject
Global
	GlobalSection(SolutionConfigurationPlatforms) = preSolution
		Debug|Any CPU = Debug|Any CPU
		Release|Any CPU = Release|Any CPU
	EndGlobalSection
	GlobalSection(ProjectConfigurationPlatforms) = postSolution
		{90E234FF-DB95-4ED4-A28C-2289CC506AE2}.Debug|Any CPU.ActiveCfg = Debug|Any CPU
		{90E234FF-DB95-4ED4-A28C-2289CC506AE2}.Debug|Any CPU.Build.0 = Debug|Any CPU
		{90E234FF-DB95-4ED4-A28C-2289CC506AE2}.Release|Any CPU.ActiveCfg = Release|Any CPU
		{90E234FF-DB95-4ED4-A28C-2289CC506AE2}.Release|Any CPU.Build.0 = Release|Any CPU
	EndGlobalSection
	GlobalSection(SolutionProperties) = preSolution
		HideSolutionNode = FALSE
	EndGlobalSection
	GlobalSection(ExtensibilityGlobals) = postSolution
		SolutionGuid = {C1D52185-D1F0-40E6-94B2-A4A94AB2DE3A}
	EndGlobalSection
EndGlobal
