
Microsoft Visual Studio Solution File, Format Version 12.00
# Visual Studio Version 17
VisualStudioVersion = 17.5.002.0
MinimumVisualStudioVersion = 10.0.40219.1
Project("{9A19103F-16F7-4668-BE54-9A1E7A4F7556}") = "Exercicio1", "Exercicio1.csproj", "{95A58818-FF42-4192-9254-A5FCEB637BD8}"
EndProject
Global
	GlobalSection(SolutionConfigurationPlatforms) = preSolution
		Debug|Any CPU = Debug|Any CPU
		Release|Any CPU = Release|Any CPU
	EndGlobalSection
	GlobalSection(ProjectConfigurationPlatforms) = postSolution
		{95A58818-FF42-4192-9254-A5FCEB637BD8}.Debug|Any CPU.ActiveCfg = Debug|Any CPU
		{95A58818-FF42-4192-9254-A5FCEB637BD8}.Debug|Any CPU.Build.0 = Debug|Any CPU
		{95A58818-FF42-4192-9254-A5FCEB637BD8}.Release|Any CPU.ActiveCfg = Release|Any CPU
		{95A58818-FF42-4192-9254-A5FCEB637BD8}.Release|Any CPU.Build.0 = Release|Any CPU
	EndGlobalSection
	GlobalSection(SolutionProperties) = preSolution
		HideSolutionNode = FALSE
	EndGlobalSection
	GlobalSection(ExtensibilityGlobals) = postSolution
		SolutionGuid = {E0059CFA-5B66-45E8-876B-467762E6F85C}
	EndGlobalSection
EndGlobal
