
Microsoft Visual Studio Solution File, Format Version 12.00
# Visual Studio Version 17
VisualStudioVersion = 17.5.002.0
MinimumVisualStudioVersion = 10.0.40219.1
Project("{9A19103F-16F7-4668-BE54-9A1E7A4F7556}") = "Exercicio1", "Exercicio1.csproj", "{B4FB015F-B2B0-4949-8DD2-0EB60C1B48FC}"
EndProject
Global
	GlobalSection(SolutionConfigurationPlatforms) = preSolution
		Debug|Any CPU = Debug|Any CPU
		Release|Any CPU = Release|Any CPU
	EndGlobalSection
	GlobalSection(ProjectConfigurationPlatforms) = postSolution
		{B4FB015F-B2B0-4949-8DD2-0EB60C1B48FC}.Debug|Any CPU.ActiveCfg = Debug|Any CPU
		{B4FB015F-B2B0-4949-8DD2-0EB60C1B48FC}.Debug|Any CPU.Build.0 = Debug|Any CPU
		{B4FB015F-B2B0-4949-8DD2-0EB60C1B48FC}.Release|Any CPU.ActiveCfg = Release|Any CPU
		{B4FB015F-B2B0-4949-8DD2-0EB60C1B48FC}.Release|Any CPU.Build.0 = Release|Any CPU
	EndGlobalSection
	GlobalSection(SolutionProperties) = preSolution
		HideSolutionNode = FALSE
	EndGlobalSection
	GlobalSection(ExtensibilityGlobals) = postSolution
		SolutionGuid = {B012ADCE-DF43-4C04-91CB-85DE9F4B0491}
	EndGlobalSection
EndGlobal
