
Microsoft Visual Studio Solution File, Format Version 12.00
# Visual Studio Version 17
VisualStudioVersion = 17.5.002.0
MinimumVisualStudioVersion = 10.0.40219.1
Project("{9A19103F-16F7-4668-BE54-9A1E7A4F7556}") = "Exercicio2", "Exercicio2.csproj", "{D75072EE-2096-4721-B36C-C222AA66E085}"
EndProject
Global
	GlobalSection(SolutionConfigurationPlatforms) = preSolution
		Debug|Any CPU = Debug|Any CPU
		Release|Any CPU = Release|Any CPU
	EndGlobalSection
	GlobalSection(ProjectConfigurationPlatforms) = postSolution
		{D75072EE-2096-4721-B36C-C222AA66E085}.Debug|Any CPU.ActiveCfg = Debug|Any CPU
		{D75072EE-2096-4721-B36C-C222AA66E085}.Debug|Any CPU.Build.0 = Debug|Any CPU
		{D75072EE-2096-4721-B36C-C222AA66E085}.Release|Any CPU.ActiveCfg = Release|Any CPU
		{D75072EE-2096-4721-B36C-C222AA66E085}.Release|Any CPU.Build.0 = Release|Any CPU
	EndGlobalSection
	GlobalSection(SolutionProperties) = preSolution
		HideSolutionNode = FALSE
	EndGlobalSection
	GlobalSection(ExtensibilityGlobals) = postSolution
		SolutionGuid = {52750F73-6952-4187-A27E-E28200A7C3DD}
	EndGlobalSection
EndGlobal
