
Microsoft Visual Studio Solution File, Format Version 12.00
# Visual Studio Version 17
VisualStudioVersion = 17.5.002.0
MinimumVisualStudioVersion = 10.0.40219.1
Project("{9A19103F-16F7-4668-BE54-9A1E7A4F7556}") = "exercicio2", "exercicio2.csproj", "{33E4D6DC-FEE3-488C-BB3F-E07ADA0F02C2}"
EndProject
Global
	GlobalSection(SolutionConfigurationPlatforms) = preSolution
		Debug|Any CPU = Debug|Any CPU
		Release|Any CPU = Release|Any CPU
	EndGlobalSection
	GlobalSection(ProjectConfigurationPlatforms) = postSolution
		{33E4D6DC-FEE3-488C-BB3F-E07ADA0F02C2}.Debug|Any CPU.ActiveCfg = Debug|Any CPU
		{33E4D6DC-FEE3-488C-BB3F-E07ADA0F02C2}.Debug|Any CPU.Build.0 = Debug|Any CPU
		{33E4D6DC-FEE3-488C-BB3F-E07ADA0F02C2}.Release|Any CPU.ActiveCfg = Release|Any CPU
		{33E4D6DC-FEE3-488C-BB3F-E07ADA0F02C2}.Release|Any CPU.Build.0 = Release|Any CPU
	EndGlobalSection
	GlobalSection(SolutionProperties) = preSolution
		HideSolutionNode = FALSE
	EndGlobalSection
	GlobalSection(ExtensibilityGlobals) = postSolution
		SolutionGuid = {4B38C22E-C3B5-49CA-B271-06625E57994C}
	EndGlobalSection
EndGlobal
