
Microsoft Visual Studio Solution File, Format Version 12.00
# Visual Studio Version 17
VisualStudioVersion = 17.5.002.0
MinimumVisualStudioVersion = 10.0.40219.1
Project("{9A19103F-16F7-4668-BE54-9A1E7A4F7556}") = "Exercicio2", "Exercicio2.csproj", "{DED98411-F752-4041-8844-B25C245C5DE6}"
EndProject
Global
	GlobalSection(SolutionConfigurationPlatforms) = preSolution
		Debug|Any CPU = Debug|Any CPU
		Release|Any CPU = Release|Any CPU
	EndGlobalSection
	GlobalSection(ProjectConfigurationPlatforms) = postSolution
		{DED98411-F752-4041-8844-B25C245C5DE6}.Debug|Any CPU.ActiveCfg = Debug|Any CPU
		{DED98411-F752-4041-8844-B25C245C5DE6}.Debug|Any CPU.Build.0 = Debug|Any CPU
		{DED98411-F752-4041-8844-B25C245C5DE6}.Release|Any CPU.ActiveCfg = Release|Any CPU
		{DED98411-F752-4041-8844-B25C245C5DE6}.Release|Any CPU.Build.0 = Release|Any CPU
	EndGlobalSection
	GlobalSection(SolutionProperties) = preSolution
		HideSolutionNode = FALSE
	EndGlobalSection
	GlobalSection(ExtensibilityGlobals) = postSolution
		SolutionGuid = {2825C0F9-58A0-4D58-9CD1-55F8AC96BF54}
	EndGlobalSection
EndGlobal
